
Microsoft Visual Studio Solution File, Format Version 12.00
# Visual Studio Version 16
VisualStudioVersion = 16.0.30503.244
MinimumVisualStudioVersion = 10.0.40219.1
Project("{FAE04EC0-301F-11D3-BF4B-00C04F79EFBC}") = "ScrumStandup.Server", "Server\ScrumStandup.Server.csproj", "{FCF910A1-0323-407B-8B79-21645BB08379}"
EndProject
Project("{FAE04EC0-301F-11D3-BF4B-00C04F79EFBC}") = "ScrumStandup.Client", "Client\ScrumStandup.Client.csproj", "{139CB685-68ED-4FDD-B26B-D8AA6D77D8AB}"
EndProject
Project("{FAE04EC0-301F-11D3-BF4B-00C04F79EFBC}") = "ScrumStandup.Shared", "Shared\ScrumStandup.Shared.csproj", "{12FFE8A2-6AD6-4B6A-8C07-361C619323B9}"
EndProject
Global
	GlobalSection(SolutionConfigurationPlatforms) = preSolution
		Debug|Any CPU = Debug|Any CPU
		Release|Any CPU = Release|Any CPU
	EndGlobalSection
	GlobalSection(ProjectConfigurationPlatforms) = postSolution
		{FCF910A1-0323-407B-8B79-21645BB08379}.Debug|Any CPU.ActiveCfg = Debug|Any CPU
		{FCF910A1-0323-407B-8B79-21645BB08379}.Debug|Any CPU.Build.0 = Debug|Any CPU
		{FCF910A1-0323-407B-8B79-21645BB08379}.Release|Any CPU.ActiveCfg = Release|Any CPU
		{FCF910A1-0323-407B-8B79-21645BB08379}.Release|Any CPU.Build.0 = Release|Any CPU
		{139CB685-68ED-4FDD-B26B-D8AA6D77D8AB}.Debug|Any CPU.ActiveCfg = Debug|Any CPU
		{139CB685-68ED-4FDD-B26B-D8AA6D77D8AB}.Debug|Any CPU.Build.0 = Debug|Any CPU
		{139CB685-68ED-4FDD-B26B-D8AA6D77D8AB}.Release|Any CPU.ActiveCfg = Release|Any CPU
		{139CB685-68ED-4FDD-B26B-D8AA6D77D8AB}.Release|Any CPU.Build.0 = Release|Any CPU
		{12FFE8A2-6AD6-4B6A-8C07-361C619323B9}.Debug|Any CPU.ActiveCfg = Debug|Any CPU
		{12FFE8A2-6AD6-4B6A-8C07-361C619323B9}.Debug|Any CPU.Build.0 = Debug|Any CPU
		{12FFE8A2-6AD6-4B6A-8C07-361C619323B9}.Release|Any CPU.ActiveCfg = Release|Any CPU
		{12FFE8A2-6AD6-4B6A-8C07-361C619323B9}.Release|Any CPU.Build.0 = Release|Any CPU
	EndGlobalSection
	GlobalSection(SolutionProperties) = preSolution
		HideSolutionNode = FALSE
	EndGlobalSection
	GlobalSection(ExtensibilityGlobals) = postSolution
		SolutionGuid = {52EA8379-AD01-4DFA-B25A-C8001CB2F7FA}
	EndGlobalSection
EndGlobal
